
Microsoft Visual Studio Solution File, Format Version 12.00
# Visual Studio Version 16
VisualStudioVersion = 16.0.31911.196
MinimumVisualStudioVersion = 10.0.40219.1
Project("{FAE04EC0-301F-11D3-BF4B-00C04F79EFBC}") = "DI_RetoCS", "DI_RetoCS.csproj", "{154848DF-9804-4400-9CA9-F21142CABB7F}"
EndProject
Global
	GlobalSection(SolutionConfigurationPlatforms) = preSolution
		Debug|Any CPU = Debug|Any CPU
		Release|Any CPU = Release|Any CPU
	EndGlobalSection
	GlobalSection(ProjectConfigurationPlatforms) = postSolution
		{154848DF-9804-4400-9CA9-F21142CABB7F}.Debug|Any CPU.ActiveCfg = Debug|Any CPU
		{154848DF-9804-4400-9CA9-F21142CABB7F}.Debug|Any CPU.Build.0 = Debug|Any CPU
		{154848DF-9804-4400-9CA9-F21142CABB7F}.Release|Any CPU.ActiveCfg = Release|Any CPU
		{154848DF-9804-4400-9CA9-F21142CABB7F}.Release|Any CPU.Build.0 = Release|Any CPU
	EndGlobalSection
	GlobalSection(SolutionProperties) = preSolution
		HideSolutionNode = FALSE
	EndGlobalSection
	GlobalSection(ExtensibilityGlobals) = postSolution
		SolutionGuid = {A57D441F-BF86-46AF-A9D3-78DF34F63EEB}
	EndGlobalSection
EndGlobal
